
Microsoft Visual Studio Solution File, Format Version 12.00
# Visual Studio Version 16
VisualStudioVersion = 16.0.32002.261
MinimumVisualStudioVersion = 10.0.40219.1
Project("{FAE04EC0-301F-11D3-BF4B-00C04F79EFBC}") = "WebApplication1", "WebApplication1\WebApplication1.csproj", "{DEB5C81E-37A4-4D6C-9632-000E5408BBAC}"
EndProject
Global
	GlobalSection(SolutionConfigurationPlatforms) = preSolution
		Debug|Any CPU = Debug|Any CPU
		Release|Any CPU = Release|Any CPU
	EndGlobalSection
	GlobalSection(ProjectConfigurationPlatforms) = postSolution
		{DEB5C81E-37A4-4D6C-9632-000E5408BBAC}.Debug|Any CPU.ActiveCfg = Debug|Any CPU
		{DEB5C81E-37A4-4D6C-9632-000E5408BBAC}.Debug|Any CPU.Build.0 = Debug|Any CPU
		{DEB5C81E-37A4-4D6C-9632-000E5408BBAC}.Release|Any CPU.ActiveCfg = Release|Any CPU
		{DEB5C81E-37A4-4D6C-9632-000E5408BBAC}.Release|Any CPU.Build.0 = Release|Any CPU
	EndGlobalSection
	GlobalSection(SolutionProperties) = preSolution
		HideSolutionNode = FALSE
	EndGlobalSection
	GlobalSection(ExtensibilityGlobals) = postSolution
		SolutionGuid = {C8F9D295-A6D5-47D1-BE4C-A1930705DF33}
	EndGlobalSection
EndGlobal
